// !$*UTF8*$!
{
	archiveVersion = 1;
	classes = {
	};
	objectVersion = 55;
	objects = {

/* Begin PBXBuildFile section */
		B56BBFE128C86AEC00BAB683 /* AppDelegate.m in Sources */ = {isa = PBXBuildFile; fileRef = B56BBFE028C86AEC00BAB683 /* AppDelegate.m */; };
		B56BBFE428C86AEC00BAB683 /* SceneDelegate.m in Sources */ = {isa = PBXBuildFile; fileRef = B56BBFE328C86AEC00BAB683 /* SceneDelegate.m */; };
		B56BBFE728C86AEC00BAB683 /* ViewController.m in Sources */ = {isa = PBXBuildFile; fileRef = B56BBFE628C86AEC00BAB683 /* ViewController.m */; };
		B56BBFEA28C86AEC00BAB683 /* Main.storyboard in Resources */ = {isa = PBXBuildFile; fileRef = B56BBFE828C86AEC00BAB683 /* Main.storyboard */; };
		B56BBFEC28C86AF100BAB683 /* Assets.xcassets in Resources */ = {isa = PBXBuildFile; fileRef = B56BBFEB28C86AF100BAB683 /* Assets.xcassets */; };
		B56BBFEF28C86AF100BAB683 /* LaunchScreen.storyboard in Resources */ = {isa = PBXBuildFile; fileRef = B56BBFED28C86AF100BAB683 /* LaunchScreen.storyboard */; };
		B56BBFF228C86AF100BAB683 /* main.m in Sources */ = {isa = PBXBuildFile; fileRef = B56BBFF128C86AF100BAB683 /* main.m */; };
		B56BBFFC28C86AF100BAB683 /* Demo_2Tests.m in Sources */ = {isa = PBXBuildFile; fileRef = B56BBFFB28C86AF100BAB683 /* Demo_2Tests.m */; };
		B56BC00628C86AF100BAB683 /* Demo_2UITests.m in Sources */ = {isa = PBXBuildFile; fileRef = B56BC00528C86AF100BAB683 /* Demo_2UITests.m */; };
		B56BC00828C86AF100BAB683 /* Demo_2UITestsLaunchTests.m in Sources */ = {isa = PBXBuildFile; fileRef = B56BC00728C86AF100BAB683 /* Demo_2UITestsLaunchTests.m */; };
		B56BC01628C86C0900BAB683 /* SecondViewController.m in Sources */ = {isa = PBXBuildFile; fileRef = B56BC01528C86C0900BAB683 /* SecondViewController.m */; };
		B56BC01928C87D4B00BAB683 /* StringReverserActivity.m in Sources */ = {isa = PBXBuildFile; fileRef = B56BC01828C87D4B00BAB683 /* StringReverserActivity.m */; };
/* End PBXBuildFile section */

/* Begin PBXContainerItemProxy section */
		B56BBFF828C86AF100BAB683 /* PBXContainerItemProxy */ = {
			isa = PBXContainerItemProxy;
			containerPortal = B56BBFD428C86AEC00BAB683 /* Project object */;
			proxyType = 1;
			remoteGlobalIDString = B56BBFDB28C86AEC00BAB683;
			remoteInfo = Demo_2;
		};
		B56BC00228C86AF100BAB683 /* PBXContainerItemProxy */ = {
			isa = PBXContainerItemProxy;
			containerPortal = B56BBFD428C86AEC00BAB683 /* Project object */;
			proxyType = 1;
			remoteGlobalIDString = B56BBFDB28C86AEC00BAB683;
			remoteInfo = Demo_2;
		};
/* End PBXContainerItemProxy section */

/* Begin PBXFileReference section */
		B56BBFDC28C86AEC00BAB683 /* Demo_2.app */ = {isa = PBXFileReference; explicitFileType = wrapper.application; includeInIndex = 0; path = Demo_2.app; sourceTree = BUILT_PRODUCTS_DIR; };
		B56BBFDF28C86AEC00BAB683 /* AppDelegate.h */ = {isa = PBXFileReference; lastKnownFileType = sourcecode.c.h; path = AppDelegate.h; sourceTree = "<group>"; };
		B56BBFE028C86AEC00BAB683 /* AppDelegate.m */ = {isa = PBXFileReference; lastKnownFileType = sourcecode.c.objc; path = AppDelegate.m; sourceTree = "<group>"; };
		B56BBFE228C86AEC00BAB683 /* SceneDelegate.h */ = {isa = PBXFileReference; lastKnownFileType = sourcecode.c.h; path = SceneDelegate.h; sourceTree = "<group>"; };
		B56BBFE328C86AEC00BAB683 /* SceneDelegate.m */ = {isa = PBXFileReference; lastKnownFileType = sourcecode.c.objc; path = SceneDelegate.m; sourceTree = "<group>"; };
		B56BBFE528C86AEC00BAB683 /* ViewController.h */ = {isa = PBXFileReference; lastKnownFileType = sourcecode.c.h; path = ViewController.h; sourceTree = "<group>"; };
		B56BBFE628C86AEC00BAB683 /* ViewController.m */ = {isa = PBXFileReference; lastKnownFileType = sourcecode.c.objc; path = ViewController.m; sourceTree = "<group>"; };
		B56BBFE928C86AEC00BAB683 /* Base */ = {isa = PBXFileReference; lastKnownFileType = file.storyboard; name = Base; path = Base.lproj/Main.storyboard; sourceTree = "<group>"; };
		B56BBFEB28C86AF100BAB683 /* Assets.xcassets */ = {isa = PBXFileReference; lastKnownFileType = folder.assetcatalog; path = Assets.xcassets; sourceTree = "<group>"; };
		B56BBFEE28C86AF100BAB683 /* Base */ = {isa = PBXFileReference; lastKnownFileType = file.storyboard; name = Base; path = Base.lproj/LaunchScreen.storyboard; sourceTree = "<group>"; };
		B56BBFF028C86AF100BAB683 /* Info.plist */ = {isa = PBXFileReference; lastKnownFileType = text.plist.xml; path = Info.plist; sourceTree = "<group>"; };
		B56BBFF128C86AF100BAB683 /* main.m */ = {isa = PBXFileReference; lastKnownFileType = sourcecode.c.objc; path = main.m; sourceTree = "<group>"; };
		B56BBFF728C86AF100BAB683 /* Demo_2Tests.xctest */ = {isa = PBXFileReference; explicitFileType = wrapper.cfbundle; includeInIndex = 0; path = Demo_2Tests.xctest; sourceTree = BUILT_PRODUCTS_DIR; };
		B56BBFFB28C86AF100BAB683 /* Demo_2Tests.m */ = {isa = PBXFileReference; lastKnownFileType = sourcecode.c.objc; path = Demo_2Tests.m; sourceTree = "<group>"; };
		B56BC00128C86AF100BAB683 /* Demo_2UITests.xctest */ = {isa = PBXFileReference; explicitFileType = wrapper.cfbundle; includeInIndex = 0; path = Demo_2UITests.xctest; sourceTree = BUILT_PRODUCTS_DIR; };
		B56BC00528C86AF100BAB683 /* Demo_2UITests.m */ = {isa = PBXFileReference; lastKnownFileType = sourcecode.c.objc; path = Demo_2UITests.m; sourceTree = "<group>"; };
		B56BC00728C86AF100BAB683 /* Demo_2UITestsLaunchTests.m */ = {isa = PBXFileReference; lastKnownFileType = sourcecode.c.objc; path = Demo_2UITestsLaunchTests.m; sourceTree = "<group>"; };
		B56BC01428C86C0900BAB683 /* SecondViewController.h */ = {isa = PBXFileReference; lastKnownFileType = sourcecode.c.h; path = SecondViewController.h; sourceTree = "<group>"; };
		B56BC01528C86C0900BAB683 /* SecondViewController.m */ = {isa = PBXFileReference; lastKnownFileType = sourcecode.c.objc; path = SecondViewController.m; sourceTree = "<group>"; };
		B56BC01728C87D4B00BAB683 /* StringReverserActivity.h */ = {isa = PBXFileReference; lastKnownFileType = sourcecode.c.h; path = StringReverserActivity.h; sourceTree = "<group>"; };
		B56BC01828C87D4B00BAB683 /* StringReverserActivity.m */ = {isa = PBXFileReference; lastKnownFileType = sourcecode.c.objc; path = StringReverserActivity.m; sourceTree = "<group>"; };
/* End PBXFileReference section */

/* Begin PBXFrameworksBuildPhase section */
		B56BBFD928C86AEC00BAB683 /* Frameworks */ = {
			isa = PBXFrameworksBuildPhase;
			buildActionMask = 2147483647;
			files = (
			);
			runOnlyForDeploymentPostprocessing = 0;
		};
		B56BBFF428C86AF100BAB683 /* Frameworks */ = {
			isa = PBXFrameworksBuildPhase;
			buildActionMask = 2147483647;
			files = (
			);
			runOnlyForDeploymentPostprocessing = 0;
		};
		B56BBFFE28C86AF100BAB683 /* Frameworks */ = {
			isa = PBXFrameworksBuildPhase;
			buildActionMask = 2147483647;
			files = (
			);
			runOnlyForDeploymentPostprocessing = 0;
		};
/* End PBXFrameworksBuildPhase section */

/* Begin PBXGroup section */
		B56BBFD328C86AEC00BAB683 = {
			isa = PBXGroup;
			children = (
				B56BBFDE28C86AEC00BAB683 /* Demo_2 */,
				B56BBFFA28C86AF100BAB683 /* Demo_2Tests */,
				B56BC00428C86AF100BAB683 /* Demo_2UITests */,
				B56BBFDD28C86AEC00BAB683 /* Products */,
			);
			sourceTree = "<group>";
		};
		B56BBFDD28C86AEC00BAB683 /* Products */ = {
			isa = PBXGroup;
			children = (
				B56BBFDC28C86AEC00BAB683 /* Demo_2.app */,
				B56BBFF728C86AF100BAB683 /* Demo_2Tests.xctest */,
				B56BC00128C86AF100BAB683 /* Demo_2UITests.xctest */,
			);
			name = Products;
			sourceTree = "<group>";
		};
		B56BBFDE28C86AEC00BAB683 /* Demo_2 */ = {
			isa = PBXGroup;
			children = (
				B56BBFDF28C86AEC00BAB683 /* AppDelegate.h */,
				B56BBFE028C86AEC00BAB683 /* AppDelegate.m */,
				B56BBFE228C86AEC00BAB683 /* SceneDelegate.h */,
				B56BBFE328C86AEC00BAB683 /* SceneDelegate.m */,
				B56BBFE528C86AEC00BAB683 /* ViewController.h */,
				B56BBFE628C86AEC00BAB683 /* ViewController.m */,
				B56BBFE828C86AEC00BAB683 /* Main.storyboard */,
				B56BBFEB28C86AF100BAB683 /* Assets.xcassets */,
				B56BBFED28C86AF100BAB683 /* LaunchScreen.storyboard */,
				B56BBFF028C86AF100BAB683 /* Info.plist */,
				B56BBFF128C86AF100BAB683 /* main.m */,
				B56BC01428C86C0900BAB683 /* SecondViewController.h */,
				B56BC01528C86C0900BAB683 /* SecondViewController.m */,
				B56BC01728C87D4B00BAB683 /* StringReverserActivity.h */,
				B56BC01828C87D4B00BAB683 /* StringReverserActivity.m */,
			);
			path = Demo_2;
			sourceTree = "<group>";
		};
		B56BBFFA28C86AF100BAB683 /* Demo_2Tests */ = {
			isa = PBXGroup;
			children = (
				B56BBFFB28C86AF100BAB683 /* Demo_2Tests.m */,
			);
			path = Demo_2Tests;
			sourceTree = "<group>";
		};
		B56BC00428C86AF100BAB683 /* Demo_2UITests */ = {
			isa = PBXGroup;
			children = (
				B56BC00528C86AF100BAB683 /* Demo_2UITests.m */,
				B56BC00728C86AF100BAB683 /* Demo_2UITestsLaunchTests.m */,
			);
			path = Demo_2UITests;
			sourceTree = "<group>";
		};
/* End PBXGroup section */

/* Begin PBXNativeTarget section */
		B56BBFDB28C86AEC00BAB683 /* Demo_2 */ = {
			isa = PBXNativeTarget;
			buildConfigurationList = B56BC00B28C86AF100BAB683 /* Build configuration list for PBXNativeTarget "Demo_2" */;
			buildPhases = (
				B56BBFD828C86AEC00BAB683 /* Sources */,
				B56BBFD928C86AEC00BAB683 /* Frameworks */,
				B56BBFDA28C86AEC00BAB683 /* Resources */,
			);
			buildRules = (
			);
			dependencies = (
			);
			name = Demo_2;
			productName = Demo_2;
			productReference = B56BBFDC28C86AEC00BAB683 /* Demo_2.app */;
			productType = "com.apple.product-type.application";
		};
		B56BBFF628C86AF100BAB683 /* Demo_2Tests */ = {
			isa = PBXNativeTarget;
			buildConfigurationList = B56BC00E28C86AF100BAB683 /* Build configuration list for PBXNativeTarget "Demo_2Tests" */;
			buildPhases = (
				B56BBFF328C86AF100BAB683 /* Sources */,
				B56BBFF428C86AF100BAB683 /* Frameworks */,
				B56BBFF528C86AF100BAB683 /* Resources */,
			);
			buildRules = (
			);
			dependencies = (
				B56BBFF928C86AF100BAB683 /* PBXTargetDependency */,
			);
			name = Demo_2Tests;
			productName = Demo_2Tests;
			productReference = B56BBFF728C86AF100BAB683 /* Demo_2Tests.xctest */;
			productType = "com.apple.product-type.bundle.unit-test";
		};
		B56BC00028C86AF100BAB683 /* Demo_2UITests */ = {
			isa = PBXNativeTarget;
			buildConfigurationList = B56BC01128C86AF100BAB683 /* Build configuration list for PBXNativeTarget "Demo_2UITests" */;
			buildPhases = (
				B56BBFFD28C86AF100BAB683 /* Sources */,
				B56BBFFE28C86AF100BAB683 /* Frameworks */,
				B56BBFFF28C86AF100BAB683 /* Resources */,
			);
			buildRules = (
			);
			dependencies = (
				B56BC00328C86AF100BAB683 /* PBXTargetDependency */,
			);
			name = Demo_2UITests;
			productName = Demo_2UITests;
			productReference = B56BC00128C86AF100BAB683 /* Demo_2UITests.xctest */;
			productType = "com.apple.product-type.bundle.ui-testing";
		};
/* End PBXNativeTarget section */

/* Begin PBXProject section */
		B56BBFD428C86AEC00BAB683 /* Project object */ = {
			isa = PBXProject;
			attributes = {
				BuildIndependentTargetsInParallel = 1;
				LastUpgradeCheck = 1340;
				TargetAttributes = {
					B56BBFDB28C86AEC00BAB683 = {
						CreatedOnToolsVersion = 13.4.1;
					};
					B56BBFF628C86AF100BAB683 = {
						CreatedOnToolsVersion = 13.4.1;
						TestTargetID = B56BBFDB28C86AEC00BAB683;
					};
					B56BC00028C86AF100BAB683 = {
						CreatedOnToolsVersion = 13.4.1;
						TestTargetID = B56BBFDB28C86AEC00BAB683;
					};
				};
			};
			buildConfigurationList = B56BBFD728C86AEC00BAB683 /* Build configuration list for PBXProject "Demo_2" */;
			compatibilityVersion = "Xcode 13.0";
			developmentRegion = en;
			hasScannedForEncodings = 0;
			knownRegions = (
				en,
				Base,
			);
			mainGroup = B56BBFD328C86AEC00BAB683;
			productRefGroup = B56BBFDD28C86AEC00BAB683 /* Products */;
			projectDirPath = "";
			projectRoot = "";
			targets = (
				B56BBFDB28C86AEC00BAB683 /* Demo_2 */,
				B56BBFF628C86AF100BAB683 /* Demo_2Tests */,
				B56BC00028C86AF100BAB683 /* Demo_2UITests */,
			);
		};
/* End PBXProject section */

/* Begin PBXResourcesBuildPhase section */
		B56BBFDA28C86AEC00BAB683 /* Resources */ = {
			isa = PBXResourcesBuildPhase;
			buildActionMask = 2147483647;
			files = (
				B56BBFEF28C86AF100BAB683 /* LaunchScreen.storyboard in Resources */,
				B56BBFEC28C86AF100BAB683 /* Assets.xcassets in Resources */,
				B56BBFEA28C86AEC00BAB683 /* Main.storyboard in Resources */,
			);
			runOnlyForDeploymentPostprocessing = 0;
		};
		B56BBFF528C86AF100BAB683 /* Resources */ = {
			isa = PBXResourcesBuildPhase;
			buildActionMask = 2147483647;
			files = (
			);
			runOnlyForDeploymentPostprocessing = 0;
		};
		B56BBFFF28C86AF100BAB683 /* Resources */ = {
			isa = PBXResourcesBuildPhase;
			buildActionMask = 2147483647;
			files = (
			);
			runOnlyForDeploymentPostprocessing = 0;
		};
/* End PBXResourcesBuildPhase section */

/* Begin PBXSourcesBuildPhase section */
		B56BBFD828C86AEC00BAB683 /* Sources */ = {
			isa = PBXSourcesBuildPhase;
			buildActionMask = 2147483647;
			files = (
				B56BC01628C86C0900BAB683 /* SecondViewController.m in Sources */,
				B56BBFE728C86AEC00BAB683 /* ViewController.m in Sources */,
				B56BBFE128C86AEC00BAB683 /* AppDelegate.m in Sources */,
				B56BBFF228C86AF100BAB683 /* main.m in Sources */,
				B56BBFE428C86AEC00BAB683 /* SceneDelegate.m in Sources */,
				B56BC01928C87D4B00BAB683 /* StringReverserActivity.m in Sources */,
			);
			runOnlyForDeploymentPostprocessing = 0;
		};
		B56BBFF328C86AF100BAB683 /* Sources */ = {
			isa = PBXSourcesBuildPhase;
			buildActionMask = 2147483647;
			files = (
				B56BBFFC28C86AF100BAB683 /* Demo_2Tests.m in Sources */,
			);
			runOnlyForDeploymentPostprocessing = 0;
		};
		B56BBFFD28C86AF100BAB683 /* Sources */ = {
			isa = PBXSourcesBuildPhase;
			buildActionMask = 2147483647;
			files = (
				B56BC00828C86AF100BAB683 /* Demo_2UITestsLaunchTests.m in Sources */,
				B56BC00628C86AF100BAB683 /* Demo_2UITests.m in Sources */,
			);
			runOnlyForDeploymentPostprocessing = 0;
		};
/* End PBXSourcesBuildPhase section */

/* Begin PBXTargetDependency section */
		B56BBFF928C86AF100BAB683 /* PBXTargetDependency */ = {
			isa = PBXTargetDependency;
			target = B56BBFDB28C86AEC00BAB683 /* Demo_2 */;
			targetProxy = B56BBFF828C86AF100BAB683 /* PBXContainerItemProxy */;
		};
		B56BC00328C86AF100BAB683 /* PBXTargetDependency */ = {
			isa = PBXTargetDependency;
			target = B56BBFDB28C86AEC00BAB683 /* Demo_2 */;
			targetProxy = B56BC00228C86AF100BAB683 /* PBXContainerItemProxy */;
		};
/* End PBXTargetDependency section */

/* Begin PBXVariantGroup section */
		B56BBFE828C86AEC00BAB683 /* Main.storyboard */ = {
			isa = PBXVariantGroup;
			children = (
				B56BBFE928C86AEC00BAB683 /* Base */,
			);
			name = Main.storyboard;
			sourceTree = "<group>";
		};
		B56BBFED28C86AF100BAB683 /* LaunchScreen.storyboard */ = {
			isa = PBXVariantGroup;
			children = (
				B56BBFEE28C86AF100BAB683 /* Base */,
			);
			name = LaunchScreen.storyboard;
			sourceTree = "<group>";
		};
/* End PBXVariantGroup section */

/* Begin XCBuildConfiguration section */
		B56BC00928C86AF100BAB683 /* Debug */ = {
			isa = XCBuildConfiguration;
			buildSettings = {
				ALWAYS_SEARCH_USER_PATHS = NO;
				CLANG_ANALYZER_NONNULL = YES;
				CLANG_ANALYZER_NUMBER_OBJECT_CONVERSION = YES_AGGRESSIVE;
				CLANG_CXX_LANGUAGE_STANDARD = "gnu++17";
				CLANG_ENABLE_MODULES = YES;
				CLANG_ENABLE_OBJC_ARC = YES;
				CLANG_ENABLE_OBJC_WEAK = YES;
				CLANG_WARN_BLOCK_CAPTURE_AUTORELEASING = YES;
				CLANG_WARN_BOOL_CONVERSION = YES;
				CLANG_WARN_COMMA = YES;
				CLANG_WARN_CONSTANT_CONVERSION = YES;
				CLANG_WARN_DEPRECATED_OBJC_IMPLEMENTATIONS = YES;
				CLANG_WARN_DIRECT_OBJC_ISA_USAGE = YES_ERROR;
				CLANG_WARN_DOCUMENTATION_COMMENTS = YES;
				CLANG_WARN_EMPTY_BODY = YES;
				CLANG_WARN_ENUM_CONVERSION = YES;
				CLANG_WARN_INFINITE_RECURSION = YES;
				CLANG_WARN_INT_CONVERSION = YES;
				CLANG_WARN_NON_LITERAL_NULL_CONVERSION = YES;
				CLANG_WARN_OBJC_IMPLICIT_RETAIN_SELF = YES;
				CLANG_WARN_OBJC_LITERAL_CONVERSION = YES;
				CLANG_WARN_OBJC_ROOT_CLASS = YES_ERROR;
				CLANG_WARN_QUOTED_INCLUDE_IN_FRAMEWORK_HEADER = YES;
				CLANG_WARN_RANGE_LOOP_ANALYSIS = YES;
				CLANG_WARN_STRICT_PROTOTYPES = YES;
				CLANG_WARN_SUSPICIOUS_MOVE = YES;
				CLANG_WARN_UNGUARDED_AVAILABILITY = YES_AGGRESSIVE;
				CLANG_WARN_UNREACHABLE_CODE = YES;
				CLANG_WARN__DUPLICATE_METHOD_MATCH = YES;
				COPY_PHASE_STRIP = NO;
				DEBUG_INFORMATION_FORMAT = dwarf;
				ENABLE_STRICT_OBJC_MSGSEND = YES;
				ENABLE_TESTABILITY = YES;
				GCC_C_LANGUAGE_STANDARD = gnu11;
				GCC_DYNAMIC_NO_PIC = NO;
				GCC_NO_COMMON_BLOCKS = YES;
				GCC_OPTIMIZATION_LEVEL = 0;
				GCC_PREPROCESSOR_DEFINITIONS = (
					"DEBUG=1",
					"$(inherited)",
				);
				GCC_WARN_64_TO_32_BIT_CONVERSION = YES;
				GCC_WARN_ABOUT_RETURN_TYPE = YES_ERROR;
				GCC_WARN_UNDECLARED_SELECTOR = YES;
				GCC_WARN_UNINITIALIZED_AUTOS = YES_AGGRESSIVE;
				GCC_WARN_UNUSED_FUNCTION = YES;
				GCC_WARN_UNUSED_VARIABLE = YES;
				IPHONEOS_DEPLOYMENT_TARGET = 15.5;
				MTL_ENABLE_DEBUG_INFO = INCLUDE_SOURCE;
				MTL_FAST_MATH = YES;
				ONLY_ACTIVE_ARCH = YES;
				SDKROOT = iphoneos;
			};
			name = Debug;
		};
		B56BC00A28C86AF100BAB683 /* Release */ = {
			isa = XCBuildConfiguration;
			buildSettings = {
				ALWAYS_SEARCH_USER_PATHS = NO;
				CLANG_ANALYZER_NONNULL = YES;
				CLANG_ANALYZER_NUMBER_OBJECT_CONVERSION = YES_AGGRESSIVE;
				CLANG_CXX_LANGUAGE_STANDARD = "gnu++17";
				CLANG_ENABLE_MODULES = YES;
				CLANG_ENABLE_OBJC_ARC = YES;
				CLANG_ENABLE_OBJC_WEAK = YES;
				CLANG_WARN_BLOCK_CAPTURE_AUTORELEASING = YES;
				CLANG_WARN_BOOL_CONVERSION = YES;
				CLANG_WARN_COMMA = YES;
				CLANG_WARN_CONSTANT_CONVERSION = YES;
				CLANG_WARN_DEPRECATED_OBJC_IMPLEMENTATIONS = YES;
				CLANG_WARN_DIRECT_OBJC_ISA_USAGE = YES_ERROR;
				CLANG_WARN_DOCUMENTATION_COMMENTS = YES;
				CLANG_WARN_EMPTY_BODY = YES;
				CLANG_WARN_ENUM_CONVERSION = YES;
				CLANG_WARN_INFINITE_RECURSION = YES;
				CLANG_WARN_INT_CONVERSION = YES;
				CLANG_WARN_NON_LITERAL_NULL_CONVERSION = YES;
				CLANG_WARN_OBJC_IMPLICIT_RETAIN_SELF = YES;
				CLANG_WARN_OBJC_LITERAL_CONVERSION = YES;
				CLANG_WARN_OBJC_ROOT_CLASS = YES_ERROR;
				CLANG_WARN_QUOTED_INCLUDE_IN_FRAMEWORK_HEADER = YES;
				CLANG_WARN_RANGE_LOOP_ANALYSIS = YES;
				CLANG_WARN_STRICT_PROTOTYPES = YES;
				CLANG_WARN_SUSPICIOUS_MOVE = YES;
				CLANG_WARN_UNGUARDED_AVAILABILITY = YES_AGGRESSIVE;
				CLANG_WARN_UNREACHABLE_CODE = YES;
				CLANG_WARN__DUPLICATE_METHOD_MATCH = YES;
				COPY_PHASE_STRIP = NO;
				DEBUG_INFORMATION_FORMAT = "dwarf-with-dsym";
				ENABLE_NS_ASSERTIONS = NO;
				ENABLE_STRICT_OBJC_MSGSEND = YES;
				GCC_C_LANGUAGE_STANDARD = gnu11;
				GCC_NO_COMMON_BLOCKS = YES;
				GCC_WARN_64_TO_32_BIT_CONVERSION = YES;
				GCC_WARN_ABOUT_RETURN_TYPE = YES_ERROR;
				GCC_WARN_UNDECLARED_SELECTOR = YES;
				GCC_WARN_UNINITIALIZED_AUTOS = YES_AGGRESSIVE;
				GCC_WARN_UNUSED_FUNCTION = YES;
				GCC_WARN_UNUSED_VARIABLE = YES;
				IPHONEOS_DEPLOYMENT_TARGET = 15.5;
				MTL_ENABLE_DEBUG_INFO = NO;
				MTL_FAST_MATH = YES;
				SDKROOT = iphoneos;
				VALIDATE_PRODUCT = YES;
			};
			name = Release;
		};
		B56BC00C28C86AF100BAB683 /* Debug */ = {
			isa = XCBuildConfiguration;
			buildSettings = {
				ASSETCATALOG_COMPILER_APPICON_NAME = AppIcon;
				ASSETCATALOG_COMPILER_GLOBAL_ACCENT_COLOR_NAME = AccentColor;
				CODE_SIGN_STYLE = Automatic;
				CURRENT_PROJECT_VERSION = 1;
				DEVELOPMENT_TEAM = R5XSQ7BCV2;
				GENERATE_INFOPLIST_FILE = YES;
				INFOPLIST_FILE = Demo_2/Info.plist;
				INFOPLIST_KEY_UIApplicationSupportsIndirectInputEvents = YES;
				INFOPLIST_KEY_UILaunchStoryboardName = LaunchScreen;
				INFOPLIST_KEY_UIMainStoryboardFile = Main;
				INFOPLIST_KEY_UISupportedInterfaceOrientations_iPad = "UIInterfaceOrientationPortrait UIInterfaceOrientationPortraitUpsideDown UIInterfaceOrientationLandscapeLeft UIInterfaceOrientationLandscapeRight";
				INFOPLIST_KEY_UISupportedInterfaceOrientations_iPhone = "UIInterfaceOrientationPortrait UIInterfaceOrientationLandscapeLeft UIInterfaceOrientationLandscapeRight";
				LD_RUNPATH_SEARCH_PATHS = (
					"$(inherited)",
					"@executable_path/Frameworks",
				);
				MARKETING_VERSION = 1.0;
				PRODUCT_BUNDLE_IDENTIFIER = "vfa-bangdd.Demo-2";
				PRODUCT_NAME = "$(TARGET_NAME)";
				SWIFT_EMIT_LOC_STRINGS = YES;
				TARGETED_DEVICE_FAMILY = "1,2";
			};
			name = Debug;
		};
		B56BC00D28C86AF100BAB683 /* Release */ = {
			isa = XCBuildConfiguration;
			buildSettings = {
				ASSETCATALOG_COMPILER_APPICON_NAME = AppIcon;
				ASSETCATALOG_COMPILER_GLOBAL_ACCENT_COLOR_NAME = AccentColor;
				CODE_SIGN_STYLE = Automatic;
				CURRENT_PROJECT_VERSION = 1;
				DEVELOPMENT_TEAM = R5XSQ7BCV2;
				GENERATE_INFOPLIST_FILE = YES;
				INFOPLIST_FILE = Demo_2/Info.plist;
				INFOPLIST_KEY_UIApplicationSupportsIndirectInputEvents = YES;
				INFOPLIST_KEY_UILaunchStoryboardName = LaunchScreen;
				INFOPLIST_KEY_UIMainStoryboardFile = Main;
				INFOPLIST_KEY_UISupportedInterfaceOrientations_iPad = "UIInterfaceOrientationPortrait UIInterfaceOrientationPortraitUpsideDown UIInterfaceOrientationLandscapeLeft UIInterfaceOrientationLandscapeRight";
				INFOPLIST_KEY_UISupportedInterfaceOrientations_iPhone = "UIInterfaceOrientationPortrait UIInterfaceOrientationLandscapeLeft UIInterfaceOrientationLandscapeRight";
				LD_RUNPATH_SEARCH_PATHS = (
					"$(inherited)",
					"@executable_path/Frameworks",
				);
				MARKETING_VERSION = 1.0;
				PRODUCT_BUNDLE_IDENTIFIER = "vfa-bangdd.Demo-2";
				PRODUCT_NAME = "$(TARGET_NAME)";
				SWIFT_EMIT_LOC_STRINGS = YES;
				TARGETED_DEVICE_FAMILY = "1,2";
			};
			name = Release;
		};
		B56BC00F28C86AF100BAB683 /* Debug */ = {
			isa = XCBuildConfiguration;
			buildSettings = {
				BUNDLE_LOADER = "$(TEST_HOST)";
				CODE_SIGN_STYLE = Automatic;
				CURRENT_PROJECT_VERSION = 1;
				DEVELOPMENT_TEAM = R5XSQ7BCV2;
				GENERATE_INFOPLIST_FILE = YES;
				IPHONEOS_DEPLOYMENT_TARGET = 15.5;
				MARKETING_VERSION = 1.0;
				PRODUCT_BUNDLE_IDENTIFIER = "vfa-bangdd.Demo-2Tests";
				PRODUCT_NAME = "$(TARGET_NAME)";
				SWIFT_EMIT_LOC_STRINGS = NO;
				TARGETED_DEVICE_FAMILY = "1,2";
				TEST_HOST = "$(BUILT_PRODUCTS_DIR)/Demo_2.app/Demo_2";
			};
			name = Debug;
		};
		B56BC01028C86AF100BAB683 /* Release */ = {
			isa = XCBuildConfiguration;
			buildSettings = {
				BUNDLE_LOADER = "$(TEST_HOST)";
				CODE_SIGN_STYLE = Automatic;
				CURRENT_PROJECT_VERSION = 1;
				DEVELOPMENT_TEAM = R5XSQ7BCV2;
				GENERATE_INFOPLIST_FILE = YES;
				IPHONEOS_DEPLOYMENT_TARGET = 15.5;
				MARKETING_VERSION = 1.0;
				PRODUCT_BUNDLE_IDENTIFIER = "vfa-bangdd.Demo-2Tests";
				PRODUCT_NAME = "$(TARGET_NAME)";
				SWIFT_EMIT_LOC_STRINGS = NO;
				TARGETED_DEVICE_FAMILY = "1,2";
				TEST_HOST = "$(BUILT_PRODUCTS_DIR)/Demo_2.app/Demo_2";
			};
			name = Release;
		};
		B56BC01228C86AF100BAB683 /* Debug */ = {
			isa = XCBuildConfiguration;
			buildSettings = {
				CODE_SIGN_STYLE = Automatic;
				CURRENT_PROJECT_VERSION = 1;
				DEVELOPMENT_TEAM = R5XSQ7BCV2;
				GENERATE_INFOPLIST_FILE = YES;
				MARKETING_VERSION = 1.0;
				PRODUCT_BUNDLE_IDENTIFIER = "vfa-bangdd.Demo-2UITests";
				PRODUCT_NAME = "$(TARGET_NAME)";
				SWIFT_EMIT_LOC_STRINGS = NO;
				TARGETED_DEVICE_FAMILY = "1,2";
				TEST_TARGET_NAME = Demo_2;
			};
			name = Debug;
		};
		B56BC01328C86AF100BAB683 /* Release */ = {
			isa = XCBuildConfiguration;
			buildSettings = {
				CODE_SIGN_STYLE = Automatic;
				CURRENT_PROJECT_VERSION = 1;
				DEVELOPMENT_TEAM = R5XSQ7BCV2;
				GENERATE_INFOPLIST_FILE = YES;
				MARKETING_VERSION = 1.0;
				PRODUCT_BUNDLE_IDENTIFIER = "vfa-bangdd.Demo-2UITests";
				PRODUCT_NAME = "$(TARGET_NAME)";
				SWIFT_EMIT_LOC_STRINGS = NO;
				TARGETED_DEVICE_FAMILY = "1,2";
				TEST_TARGET_NAME = Demo_2;
			};
			name = Release;
		};
/* End XCBuildConfiguration section */

/* Begin XCConfigurationList section */
		B56BBFD728C86AEC00BAB683 /* Build configuration list for PBXProject "Demo_2" */ = {
			isa = XCConfigurationList;
			buildConfigurations = (
				B56BC00928C86AF100BAB683 /* Debug */,
				B56BC00A28C86AF100BAB683 /* Release */,
			);
			defaultConfigurationIsVisible = 0;
			defaultConfigurationName = Release;
		};
		B56BC00B28C86AF100BAB683 /* Build configuration list for PBXNativeTarget "Demo_2" */ = {
			isa = XCConfigurationList;
			buildConfigurations = (
				B56BC00C28C86AF100BAB683 /* Debug */,
				B56BC00D28C86AF100BAB683 /* Release */,
			);
			defaultConfigurationIsVisible = 0;
			defaultConfigurationName = Release;
		};
		B56BC00E28C86AF100BAB683 /* Build configuration list for PBXNativeTarget "Demo_2Tests" */ = {
			isa = XCConfigurationList;
			buildConfigurations = (
				B56BC00F28C86AF100BAB683 /* Debug */,
				B56BC01028C86AF100BAB683 /* Release */,
			);
			defaultConfigurationIsVisible = 0;
			defaultConfigurationName = Release;
		};
		B56BC01128C86AF100BAB683 /* Build configuration list for PBXNativeTarget "Demo_2UITests" */ = {
			isa = XCConfigurationList;
			buildConfigurations = (
				B56BC01228C86AF100BAB683 /* Debug */,
				B56BC01328C86AF100BAB683 /* Release */,
			);
			defaultConfigurationIsVisible = 0;
			defaultConfigurationName = Release;
		};
/* End XCConfigurationList section */
	};
	rootObject = B56BBFD428C86AEC00BAB683 /* Project object */;
}
